
Microsoft Visual Studio Solution File, Format Version 12.00
# Visual Studio 2012
Project("{FAE04EC0-301F-11D3-BF4B-00C04F79EFBC}") = "Northwind.Entites", "Northwind.Entites\Northwind.Entites.csproj", "{9CD9BC2F-1E43-48EF-92C7-0D5DAB071CB8}"
EndProject
Project("{FAE04EC0-301F-11D3-BF4B-00C04F79EFBC}") = "Northwind.Business", "Northwind.Business\Northwind.Business.csproj", "{E861EF7B-42DC-4C34-8652-AE9A5DA197F5}"
EndProject
Project("{FAE04EC0-301F-11D3-BF4B-00C04F79EFBC}") = "Northwind.DataAccess", "Northwind.DataAccess\Northwind.DataAccess.csproj", "{144D85F8-82B0-435D-8EAE-135174251EF0}"
EndProject
Project("{FAE04EC0-301F-11D3-BF4B-00C04F79EFBC}") = "Northwind.WebFormsUI", "Northwind.WebFormsUI\Northwind.WebFormsUI.csproj", "{1515CD8A-33A9-4760-86EB-14358BDFE7DF}"
EndProject
Global
	GlobalSection(SolutionConfigurationPlatforms) = preSolution
		Debug|Any CPU = Debug|Any CPU
		Release|Any CPU = Release|Any CPU
	EndGlobalSection
	GlobalSection(ProjectConfigurationPlatforms) = postSolution
		{9CD9BC2F-1E43-48EF-92C7-0D5DAB071CB8}.Debug|Any CPU.ActiveCfg = Debug|Any CPU
		{9CD9BC2F-1E43-48EF-92C7-0D5DAB071CB8}.Debug|Any CPU.Build.0 = Debug|Any CPU
		{9CD9BC2F-1E43-48EF-92C7-0D5DAB071CB8}.Release|Any CPU.ActiveCfg = Release|Any CPU
		{9CD9BC2F-1E43-48EF-92C7-0D5DAB071CB8}.Release|Any CPU.Build.0 = Release|Any CPU
		{E861EF7B-42DC-4C34-8652-AE9A5DA197F5}.Debug|Any CPU.ActiveCfg = Debug|Any CPU
		{E861EF7B-42DC-4C34-8652-AE9A5DA197F5}.Debug|Any CPU.Build.0 = Debug|Any CPU
		{E861EF7B-42DC-4C34-8652-AE9A5DA197F5}.Release|Any CPU.ActiveCfg = Release|Any CPU
		{E861EF7B-42DC-4C34-8652-AE9A5DA197F5}.Release|Any CPU.Build.0 = Release|Any CPU
		{144D85F8-82B0-435D-8EAE-135174251EF0}.Debug|Any CPU.ActiveCfg = Debug|Any CPU
		{144D85F8-82B0-435D-8EAE-135174251EF0}.Debug|Any CPU.Build.0 = Debug|Any CPU
		{144D85F8-82B0-435D-8EAE-135174251EF0}.Release|Any CPU.ActiveCfg = Release|Any CPU
		{144D85F8-82B0-435D-8EAE-135174251EF0}.Release|Any CPU.Build.0 = Release|Any CPU
		{1515CD8A-33A9-4760-86EB-14358BDFE7DF}.Debug|Any CPU.ActiveCfg = Debug|Any CPU
		{1515CD8A-33A9-4760-86EB-14358BDFE7DF}.Debug|Any CPU.Build.0 = Debug|Any CPU
		{1515CD8A-33A9-4760-86EB-14358BDFE7DF}.Release|Any CPU.ActiveCfg = Release|Any CPU
		{1515CD8A-33A9-4760-86EB-14358BDFE7DF}.Release|Any CPU.Build.0 = Release|Any CPU
	EndGlobalSection
	GlobalSection(SolutionProperties) = preSolution
		HideSolutionNode = FALSE
	EndGlobalSection
EndGlobal
